
Microsoft Visual Studio Solution File, Format Version 12.00
# Visual Studio Version 17
VisualStudioVersion = 17.6.33723.286
MinimumVisualStudioVersion = 10.0.40219.1
Project("{FAE04EC0-301F-11D3-BF4B-00C04F79EFBC}") = "StringArray", "StringArray\StringArray.csproj", "{451973B0-A279-4AE0-8F96-078F94FECCC4}"
EndProject
Global
	GlobalSection(SolutionConfigurationPlatforms) = preSolution
		Debug|Any CPU = Debug|Any CPU
		Release|Any CPU = Release|Any CPU
	EndGlobalSection
	GlobalSection(ProjectConfigurationPlatforms) = postSolution
		{451973B0-A279-4AE0-8F96-078F94FECCC4}.Debug|Any CPU.ActiveCfg = Debug|Any CPU
		{451973B0-A279-4AE0-8F96-078F94FECCC4}.Debug|Any CPU.Build.0 = Debug|Any CPU
		{451973B0-A279-4AE0-8F96-078F94FECCC4}.Release|Any CPU.ActiveCfg = Release|Any CPU
		{451973B0-A279-4AE0-8F96-078F94FECCC4}.Release|Any CPU.Build.0 = Release|Any CPU
	EndGlobalSection
	GlobalSection(SolutionProperties) = preSolution
		HideSolutionNode = FALSE
	EndGlobalSection
	GlobalSection(ExtensibilityGlobals) = postSolution
		SolutionGuid = {1E73222A-A785-4734-97DB-B6DD10FFC853}
	EndGlobalSection
EndGlobal
